{
  "nodes": {
    "abc": {
      "flake": false,
      "locked": {
        "lastModified": 1697200127,
        "narHash": "sha256-ou+E2lvDEOxXRXNygE/TyVi7quqk+CJHRI+HDI0xljE=",
        "owner": "YosysHQ",
        "repo": "abc",
        "rev": "896e5e7dedf9b9b1459fa019f1fa8aa8101fdf43",
        "type": "github"
      },
      "original": {
        "owner": "YosysHQ",
        "repo": "abc",
        "rev": "896e5e7dedf9b9b1459fa019f1fa8aa8101fdf43",
        "type": "github"
      }
    },
    "amaranth": {
      "flake": false,
      "locked": {
        "lastModified": 1709509898,
        "narHash": "sha256-AV4qr4d6eU/fWI/IxcHmrLdXIxbyAxVR5VY4hipIJwc=",
        "owner": "amaranth-lang",
        "repo": "amaranth",
        "rev": "31a12c03d19fef601b6515c431c5b686d2ba3702",
        "type": "github"
      },
      "original": {
        "owner": "amaranth-lang",
        "repo": "amaranth",
        "type": "github"
      }
    },
    "amaranth-boards": {
      "flake": false,
      "locked": {
        "lastModified": 1709132360,
        "narHash": "sha256-C1NFu3vBaplju1HKrfzJa/z78H0AN09CZ4f5CeBdVuw=",
        "owner": "amaranth-lang",
        "repo": "amaranth-boards",
        "rev": "b67996c48f1bc91412605acd7012f242514d3927",
        "type": "github"
      },
      "original": {
        "owner": "amaranth-lang",
        "repo": "amaranth-boards",
        "type": "github"
      }
    },
    "amaranth-stdio": {
      "flake": false,
      "locked": {
        "lastModified": 1709119232,
        "narHash": "sha256-2EEgj/7Oof6GNyzeHFndtM82fiytZoAKPMci4iDHrwY=",
        "owner": "amaranth-lang",
        "repo": "amaranth-stdio",
        "rev": "ae774a5709321d5bffddbcebed09b0e350cb6282",
        "type": "github"
      },
      "original": {
        "owner": "amaranth-lang",
        "repo": "amaranth-stdio",
        "type": "github"
      }
    },
    "flake-utils": {
      "inputs": {
        "systems": "systems"
      },
      "locked": {
        "lastModified": 1709126324,
        "narHash": "sha256-q6EQdSeUZOG26WelxqkmR7kArjgWCdw5sfJVHPH/7j8=",
        "owner": "numtide",
        "repo": "flake-utils",
        "rev": "d465f4819400de7c8d874d50b982301f28a84605",
        "type": "github"
      },
      "original": {
        "owner": "numtide",
        "repo": "flake-utils",
        "type": "github"
      }
    },
    "nixpkgs": {
      "locked": {
        "lastModified": 1709309926,
        "narHash": "sha256-VZFBtXGVD9LWTecGi6eXrE0hJ/mVB3zGUlHImUs2Qak=",
        "owner": "NixOS",
        "repo": "nixpkgs",
        "rev": "79baff8812a0d68e24a836df0a364c678089e2c7",
        "type": "github"
      },
      "original": {
        "owner": "NixOS",
        "ref": "nixos-23.11",
        "repo": "nixpkgs",
        "type": "github"
      }
    },
    "root": {
      "inputs": {
        "abc": "abc",
        "amaranth": "amaranth",
        "amaranth-boards": "amaranth-boards",
        "amaranth-stdio": "amaranth-stdio",
        "flake-utils": "flake-utils",
        "nixpkgs": "nixpkgs",
        "yosys": "yosys"
      }
    },
    "systems": {
      "locked": {
        "lastModified": 1681028828,
        "narHash": "sha256-Vy1rq5AaRuLzOxct8nz4T6wlgyUR7zLU309k9mBC768=",
        "owner": "nix-systems",
        "repo": "default",
        "rev": "da67096a3b9bf56a91d16901293e51ba5b49a27e",
        "type": "github"
      },
      "original": {
        "owner": "nix-systems",
        "repo": "default",
        "type": "github"
      }
    },
    "yosys": {
      "flake": false,
      "locked": {
        "lastModified": 1709597721,
        "narHash": "sha256-tO+3fIIfj+Mm/ehnrN8fqDItqk5G6c/FjfflDnB9ZQA=",
        "owner": "YosysHQ",
        "repo": "yosys",
        "rev": "1e42b4f0f9cc1d2f4097ea632a93be3473b0c2f7",
        "type": "github"
      },
      "original": {
        "owner": "YosysHQ",
        "repo": "yosys",
        "type": "github"
      }
    }
  },
  "root": "root",
  "version": 7
}
