{
  "nodes": {
    "abc": {
      "flake": false,
      "locked": {
        "lastModified": 1709561743,
        "narHash": "sha256-1v/HOYF/ZdfR75eC3uYySKs2k6ZLCTUI0rtzPQs0hKQ=",
        "owner": "YosysHQ",
        "repo": "abc",
        "rev": "0cd90d0d2c5338277d832a1d890bed286486bcf5",
        "type": "github"
      },
      "original": {
        "owner": "YosysHQ",
        "repo": "abc",
        "rev": "0cd90d0d2c5338277d832a1d890bed286486bcf5",
        "type": "github"
      }
    },
    "amaranth": {
      "flake": false,
      "locked": {
        "lastModified": 1712829774,
        "narHash": "sha256-okmDbM1YFmdrXj7kCLkRuYg2yl9QvrSGyFqx5aVMyWQ=",
        "owner": "amaranth-lang",
        "repo": "amaranth",
        "rev": "3c870d6b732939e5b3d2cd5001501eeb0dd2fa8a",
        "type": "github"
      },
      "original": {
        "owner": "amaranth-lang",
        "repo": "amaranth",
        "type": "github"
      }
    },
    "amaranth-boards": {
      "flake": false,
      "locked": {
        "lastModified": 1709132360,
        "narHash": "sha256-C1NFu3vBaplju1HKrfzJa/z78H0AN09CZ4f5CeBdVuw=",
        "owner": "amaranth-lang",
        "repo": "amaranth-boards",
        "rev": "b67996c48f1bc91412605acd7012f242514d3927",
        "type": "github"
      },
      "original": {
        "owner": "amaranth-lang",
        "repo": "amaranth-boards",
        "type": "github"
      }
    },
    "amaranth-stdio": {
      "flake": false,
      "locked": {
        "lastModified": 1709119232,
        "narHash": "sha256-2EEgj/7Oof6GNyzeHFndtM82fiytZoAKPMci4iDHrwY=",
        "owner": "amaranth-lang",
        "repo": "amaranth-stdio",
        "rev": "ae774a5709321d5bffddbcebed09b0e350cb6282",
        "type": "github"
      },
      "original": {
        "owner": "amaranth-lang",
        "repo": "amaranth-stdio",
        "type": "github"
      }
    },
    "flake-utils": {
      "inputs": {
        "systems": "systems"
      },
      "locked": {
        "lastModified": 1710146030,
        "narHash": "sha256-SZ5L6eA7HJ/nmkzGG7/ISclqe6oZdOZTNoesiInkXPQ=",
        "owner": "numtide",
        "repo": "flake-utils",
        "rev": "b1d9ab70662946ef0850d488da1c9019f3a9752a",
        "type": "github"
      },
      "original": {
        "owner": "numtide",
        "repo": "flake-utils",
        "type": "github"
      }
    },
    "nixpkgs": {
      "locked": {
        "lastModified": 1712588820,
        "narHash": "sha256-y31s5idk3jMJMAVE4Ud9AdI7HT3CgTAeMTJ0StqKN7Y=",
        "owner": "NixOS",
        "repo": "nixpkgs",
        "rev": "d272ca50d1f7424fbfcd1e6f1c9e01d92f6da167",
        "type": "github"
      },
      "original": {
        "owner": "NixOS",
        "ref": "nixos-23.11",
        "repo": "nixpkgs",
        "type": "github"
      }
    },
    "root": {
      "inputs": {
        "abc": "abc",
        "amaranth": "amaranth",
        "amaranth-boards": "amaranth-boards",
        "amaranth-stdio": "amaranth-stdio",
        "flake-utils": "flake-utils",
        "nixpkgs": "nixpkgs",
        "yosys": "yosys"
      }
    },
    "systems": {
      "locked": {
        "lastModified": 1681028828,
        "narHash": "sha256-Vy1rq5AaRuLzOxct8nz4T6wlgyUR7zLU309k9mBC768=",
        "owner": "nix-systems",
        "repo": "default",
        "rev": "da67096a3b9bf56a91d16901293e51ba5b49a27e",
        "type": "github"
      },
      "original": {
        "owner": "nix-systems",
        "repo": "default",
        "type": "github"
      }
    },
    "yosys": {
      "flake": false,
      "locked": {
        "lastModified": 1712794594,
        "narHash": "sha256-6yM4sn6G/nS6FSu6cUeVt9VzpRViX6m0z7xcgfaN04I=",
        "owner": "YosysHQ",
        "repo": "yosys",
        "rev": "47bdb3e32f71add7a48ec6215e9838048d52609a",
        "type": "github"
      },
      "original": {
        "owner": "YosysHQ",
        "repo": "yosys",
        "type": "github"
      }
    }
  },
  "root": "root",
  "version": 7
}
