{
  "nodes": {
    "abc": {
      "flake": false,
      "locked": {
        "lastModified": 1697200127,
        "narHash": "sha256-ou+E2lvDEOxXRXNygE/TyVi7quqk+CJHRI+HDI0xljE=",
        "owner": "YosysHQ",
        "repo": "abc",
        "rev": "896e5e7dedf9b9b1459fa019f1fa8aa8101fdf43",
        "type": "github"
      },
      "original": {
        "owner": "YosysHQ",
        "repo": "abc",
        "rev": "896e5e7dedf9b9b1459fa019f1fa8aa8101fdf43",
        "type": "github"
      }
    },
    "amaranth": {
      "flake": false,
      "locked": {
        "lastModified": 1708383982,
        "narHash": "sha256-cfcgHySgF7qn07xCTLSmZb5yJFZfrmocmy4IE9lMvEU=",
        "owner": "amaranth-lang",
        "repo": "amaranth",
        "rev": "c40cfc9fb56e51d3b3fd96e3ccfb296d57e75456",
        "type": "github"
      },
      "original": {
        "owner": "amaranth-lang",
        "repo": "amaranth",
        "type": "github"
      }
    },
    "amaranth-boards": {
      "flake": false,
      "locked": {
        "lastModified": 1702479777,
        "narHash": "sha256-9ZyzD4hOGW2sG24ISNwYBY6NiDe5q0rwDeMdYtzjwDA=",
        "owner": "amaranth-lang",
        "repo": "amaranth-boards",
        "rev": "170675812b71ee722bcf8ccdb88409a9ad97ffe2",
        "type": "github"
      },
      "original": {
        "owner": "amaranth-lang",
        "repo": "amaranth-boards",
        "type": "github"
      }
    },
    "amaranth-stdio": {
      "flake": false,
      "locked": {
        "lastModified": 1705517149,
        "narHash": "sha256-ZjDHLRVK19N4PyAeHj08QMu8FSrAGeTuUYFIvi02ai0=",
        "owner": "amaranth-lang",
        "repo": "amaranth-stdio",
        "rev": "4aa39e8c9dc68c4e3605bbb80a0ca84e3a25d019",
        "type": "github"
      },
      "original": {
        "owner": "amaranth-lang",
        "repo": "amaranth-stdio",
        "type": "github"
      }
    },
    "flake-utils": {
      "inputs": {
        "systems": "systems"
      },
      "locked": {
        "lastModified": 1705309234,
        "narHash": "sha256-uNRRNRKmJyCRC/8y1RqBkqWBLM034y4qN7EprSdmgyA=",
        "owner": "numtide",
        "repo": "flake-utils",
        "rev": "1ef2e671c3b0c19053962c07dbda38332dcebf26",
        "type": "github"
      },
      "original": {
        "owner": "numtide",
        "repo": "flake-utils",
        "type": "github"
      }
    },
    "nixpkgs": {
      "locked": {
        "lastModified": 1707978831,
        "narHash": "sha256-UblFdWQ2MMZNzD9C/w8+7RjAJ2QIbebbzHUniQ/a44o=",
        "owner": "NixOS",
        "repo": "nixpkgs",
        "rev": "c68a9fc85c2cb3a313be6ff40511635544dde8da",
        "type": "github"
      },
      "original": {
        "owner": "NixOS",
        "ref": "nixos-23.11",
        "repo": "nixpkgs",
        "type": "github"
      }
    },
    "root": {
      "inputs": {
        "abc": "abc",
        "amaranth": "amaranth",
        "amaranth-boards": "amaranth-boards",
        "amaranth-stdio": "amaranth-stdio",
        "flake-utils": "flake-utils",
        "nixpkgs": "nixpkgs",
        "yosys": "yosys"
      }
    },
    "systems": {
      "locked": {
        "lastModified": 1681028828,
        "narHash": "sha256-Vy1rq5AaRuLzOxct8nz4T6wlgyUR7zLU309k9mBC768=",
        "owner": "nix-systems",
        "repo": "default",
        "rev": "da67096a3b9bf56a91d16901293e51ba5b49a27e",
        "type": "github"
      },
      "original": {
        "owner": "nix-systems",
        "repo": "default",
        "type": "github"
      }
    },
    "yosys": {
      "flake": false,
      "locked": {
        "lastModified": 1708560936,
        "narHash": "sha256-dYvIaZdoOiV/eeu36bIqMCslVc25MNB5X1CwQdALT/o=",
        "owner": "YosysHQ",
        "repo": "yosys",
        "rev": "84116c9a38546d549c9b122983441d69544854ab",
        "type": "github"
      },
      "original": {
        "owner": "YosysHQ",
        "repo": "yosys",
        "type": "github"
      }
    }
  },
  "root": "root",
  "version": 7
}
